
Microsoft Visual Studio Solution File, Format Version 12.00
# Visual Studio Version 17
VisualStudioVersion = 17.6.33829.357
MinimumVisualStudioVersion = 10.0.40219.1
Project("{FAE04EC0-301F-11D3-BF4B-00C04F79EFBC}") = "GolocAPI", "GolocAPI\GolocAPI.csproj", "{8D49FCA9-7B82-4511-81EC-E40E37E0F0CC}"
EndProject
Project("{FAE04EC0-301F-11D3-BF4B-00C04F79EFBC}") = "GolocSharedLibrary", "GolocSharedLibrary\GolocSharedLibrary.csproj", "{EDABBAC5-CAD1-4F69-A78A-B43AF2087425}"
EndProject
Global
	GlobalSection(SolutionConfigurationPlatforms) = preSolution
		Debug|Any CPU = Debug|Any CPU
		Release|Any CPU = Release|Any CPU
	EndGlobalSection
	GlobalSection(ProjectConfigurationPlatforms) = postSolution
		{8D49FCA9-7B82-4511-81EC-E40E37E0F0CC}.Debug|Any CPU.ActiveCfg = Debug|Any CPU
		{8D49FCA9-7B82-4511-81EC-E40E37E0F0CC}.Debug|Any CPU.Build.0 = Debug|Any CPU
		{8D49FCA9-7B82-4511-81EC-E40E37E0F0CC}.Release|Any CPU.ActiveCfg = Release|Any CPU
		{8D49FCA9-7B82-4511-81EC-E40E37E0F0CC}.Release|Any CPU.Build.0 = Release|Any CPU
		{EDABBAC5-CAD1-4F69-A78A-B43AF2087425}.Debug|Any CPU.ActiveCfg = Debug|Any CPU
		{EDABBAC5-CAD1-4F69-A78A-B43AF2087425}.Debug|Any CPU.Build.0 = Debug|Any CPU
		{EDABBAC5-CAD1-4F69-A78A-B43AF2087425}.Release|Any CPU.ActiveCfg = Release|Any CPU
		{EDABBAC5-CAD1-4F69-A78A-B43AF2087425}.Release|Any CPU.Build.0 = Release|Any CPU
	EndGlobalSection
	GlobalSection(SolutionProperties) = preSolution
		HideSolutionNode = FALSE
	EndGlobalSection
	GlobalSection(ExtensibilityGlobals) = postSolution
		SolutionGuid = {4CA4698A-3C96-4993-844A-FE1681D87358}
	EndGlobalSection
EndGlobal
