
Microsoft Visual Studio Solution File, Format Version 12.00
# Visual Studio Version 17
VisualStudioVersion = 17.6.33829.357
MinimumVisualStudioVersion = 10.0.40219.1
Project("{9A19103F-16F7-4668-BE54-9A1E7A4F7556}") = "GolocAPI", "..\GolocAPI\GolocAPI.csproj", "{BE2C983C-E6D7-44C5-8C64-6C14928E2499}"
EndProject
Project("{9A19103F-16F7-4668-BE54-9A1E7A4F7556}") = "GolocSharedLibrary", "..\GolocSharedLibrary\GolocSharedLibrary.csproj", "{DC009D4C-9F3F-420F-9476-4BC81F94A2B0}"
EndProject
Global
	GlobalSection(SolutionConfigurationPlatforms) = preSolution
		Debug|Any CPU = Debug|Any CPU
		Release|Any CPU = Release|Any CPU
	EndGlobalSection
	GlobalSection(ProjectConfigurationPlatforms) = postSolution
		{BE2C983C-E6D7-44C5-8C64-6C14928E2499}.Debug|Any CPU.ActiveCfg = Debug|Any CPU
		{BE2C983C-E6D7-44C5-8C64-6C14928E2499}.Debug|Any CPU.Build.0 = Debug|Any CPU
		{BE2C983C-E6D7-44C5-8C64-6C14928E2499}.Release|Any CPU.ActiveCfg = Release|Any CPU
		{BE2C983C-E6D7-44C5-8C64-6C14928E2499}.Release|Any CPU.Build.0 = Release|Any CPU
		{DC009D4C-9F3F-420F-9476-4BC81F94A2B0}.Debug|Any CPU.ActiveCfg = Debug|Any CPU
		{DC009D4C-9F3F-420F-9476-4BC81F94A2B0}.Debug|Any CPU.Build.0 = Debug|Any CPU
		{DC009D4C-9F3F-420F-9476-4BC81F94A2B0}.Release|Any CPU.ActiveCfg = Release|Any CPU
		{DC009D4C-9F3F-420F-9476-4BC81F94A2B0}.Release|Any CPU.Build.0 = Release|Any CPU
	EndGlobalSection
	GlobalSection(SolutionProperties) = preSolution
		HideSolutionNode = FALSE
	EndGlobalSection
	GlobalSection(ExtensibilityGlobals) = postSolution
		SolutionGuid = {4CA4698A-3C96-4993-844A-FE1681D87358}
	EndGlobalSection
EndGlobal
